PODS:
  - Flutter (1.0.0)
  - integration_test (0.0.1):
    - Flutter
  - live_activity_plugin (0.0.1):
    - Flutter

DEPENDENCIES:
  - Flutter (from `Flutter`)
  - integration_test (from `.symlinks/plugins/integration_test/ios`)
  - live_activity_plugin (from `.symlinks/plugins/live_activity_plugin/ios`)

EXTERNAL SOURCES:
  Flutter:
    :path: Flutter
  integration_test:
    :path: ".symlinks/plugins/integration_test/ios"
  live_activity_plugin:
    :path: ".symlinks/plugins/live_activity_plugin/ios"

SPEC CHECKSUMS:
  Flutter: e0871f40cf51350855a761d2e70bf5af5b9b5de7
  integration_test: 4a889634ef21a45d28d50d622cf412dc6d9f586e
  live_activity_plugin: 02f2d4961c81bfa11689f3f960d7411c926a5a8c

PODFILE CHECKSUM: 819463e6a0290f5a72f145ba7cde16e8b6ef0796

COCOAPODS: 1.16.2
